
Microsoft Visual Studio Solution File, Format Version 12.00
# Visual Studio Version 17
VisualStudioVersion = 17.6.33829.357
MinimumVisualStudioVersion = 10.0.40219.1
Project("{2150E333-8FDC-42A3-9474-1A3956D46DE8}") = "Proxy", "Proxy", "{BCE32DC4-5DB2-407D-8EBC-93143527CF7B}"
EndProject
Project("{FAE04EC0-301F-11D3-BF4B-00C04F79EFBC}") = "ProxyApp", "ProxyApp\ProxyApp.csproj", "{45D567E1-96A8-4656-AC04-C8AFCC17CA9F}"
EndProject
Project("{2150E333-8FDC-42A3-9474-1A3956D46DE8}") = "Fundamentals", "Fundamentals", "{1779BF66-1AE7-4905-B23B-31ABCFEADB16}"
EndProject
Project("{FAE04EC0-301F-11D3-BF4B-00C04F79EFBC}") = "CastleDynamicProxyFirstApp", "CastleDynamicProxyFirstApp\CastleDynamicProxyFirstApp.csproj", "{A84D55F8-4A31-4C77-A42F-15B16B67B3CD}"
EndProject
Project("{FAE04EC0-301F-11D3-BF4B-00C04F79EFBC}") = "InvocationApp", "InvocationApp\InvocationApp.csproj", "{855BF123-1786-41AE-86CE-615384E90A48}"
EndProject
Project("{FAE04EC0-301F-11D3-BF4B-00C04F79EFBC}") = "Entities", "Entities\Entities.csproj", "{3ED9D4B5-E437-4616-96FE-F2E945DA746E}"
EndProject
Project("{FAE04EC0-301F-11D3-BF4B-00C04F79EFBC}") = "Core", "Core\Core.csproj", "{3FB107E5-D58D-4267-96EE-CD8527910085}"
EndProject
Global
	GlobalSection(SolutionConfigurationPlatforms) = preSolution
		Debug|Any CPU = Debug|Any CPU
		Release|Any CPU = Release|Any CPU
	EndGlobalSection
	GlobalSection(ProjectConfigurationPlatforms) = postSolution
		{45D567E1-96A8-4656-AC04-C8AFCC17CA9F}.Debug|Any CPU.ActiveCfg = Debug|Any CPU
		{45D567E1-96A8-4656-AC04-C8AFCC17CA9F}.Debug|Any CPU.Build.0 = Debug|Any CPU
		{45D567E1-96A8-4656-AC04-C8AFCC17CA9F}.Release|Any CPU.ActiveCfg = Release|Any CPU
		{45D567E1-96A8-4656-AC04-C8AFCC17CA9F}.Release|Any CPU.Build.0 = Release|Any CPU
		{A84D55F8-4A31-4C77-A42F-15B16B67B3CD}.Debug|Any CPU.ActiveCfg = Debug|Any CPU
		{A84D55F8-4A31-4C77-A42F-15B16B67B3CD}.Debug|Any CPU.Build.0 = Debug|Any CPU
		{A84D55F8-4A31-4C77-A42F-15B16B67B3CD}.Release|Any CPU.ActiveCfg = Release|Any CPU
		{A84D55F8-4A31-4C77-A42F-15B16B67B3CD}.Release|Any CPU.Build.0 = Release|Any CPU
		{855BF123-1786-41AE-86CE-615384E90A48}.Debug|Any CPU.ActiveCfg = Debug|Any CPU
		{855BF123-1786-41AE-86CE-615384E90A48}.Debug|Any CPU.Build.0 = Debug|Any CPU
		{855BF123-1786-41AE-86CE-615384E90A48}.Release|Any CPU.ActiveCfg = Release|Any CPU
		{855BF123-1786-41AE-86CE-615384E90A48}.Release|Any CPU.Build.0 = Release|Any CPU
		{3ED9D4B5-E437-4616-96FE-F2E945DA746E}.Debug|Any CPU.ActiveCfg = Debug|Any CPU
		{3ED9D4B5-E437-4616-96FE-F2E945DA746E}.Debug|Any CPU.Build.0 = Debug|Any CPU
		{3ED9D4B5-E437-4616-96FE-F2E945DA746E}.Release|Any CPU.ActiveCfg = Release|Any CPU
		{3ED9D4B5-E437-4616-96FE-F2E945DA746E}.Release|Any CPU.Build.0 = Release|Any CPU
		{3FB107E5-D58D-4267-96EE-CD8527910085}.Debug|Any CPU.ActiveCfg = Debug|Any CPU
		{3FB107E5-D58D-4267-96EE-CD8527910085}.Debug|Any CPU.Build.0 = Debug|Any CPU
		{3FB107E5-D58D-4267-96EE-CD8527910085}.Release|Any CPU.ActiveCfg = Release|Any CPU
		{3FB107E5-D58D-4267-96EE-CD8527910085}.Release|Any CPU.Build.0 = Release|Any CPU
	EndGlobalSection
	GlobalSection(SolutionProperties) = preSolution
		HideSolutionNode = FALSE
	EndGlobalSection
	GlobalSection(NestedProjects) = preSolution
		{45D567E1-96A8-4656-AC04-C8AFCC17CA9F} = {BCE32DC4-5DB2-407D-8EBC-93143527CF7B}
		{A84D55F8-4A31-4C77-A42F-15B16B67B3CD} = {1779BF66-1AE7-4905-B23B-31ABCFEADB16}
		{855BF123-1786-41AE-86CE-615384E90A48} = {1779BF66-1AE7-4905-B23B-31ABCFEADB16}
		{3ED9D4B5-E437-4616-96FE-F2E945DA746E} = {1779BF66-1AE7-4905-B23B-31ABCFEADB16}
	EndGlobalSection
	GlobalSection(ExtensibilityGlobals) = postSolution
		SolutionGuid = {4ED5E722-B47D-4403-9D90-7AD622D4DE69}
	EndGlobalSection
EndGlobal
